
Microsoft Visual Studio Solution File, Format Version 12.00
# Visual Studio Version 17
VisualStudioVersion = 17.13.35931.197 d17.13
MinimumVisualStudioVersion = 10.0.40219.1
Project("{FAE04EC0-301F-11D3-BF4B-00C04F79EFBC}") = "FirstStrike", "FirstStrike\FirstStrike.csproj", "{B72C8C8D-648C-4316-B767-043722897EF0}"
EndProject
Global
	GlobalSection(SolutionConfigurationPlatforms) = preSolution
		Debug|Any CPU = Debug|Any CPU
		Release|Any CPU = Release|Any CPU
	EndGlobalSection
	GlobalSection(ProjectConfigurationPlatforms) = postSolution
		{B72C8C8D-648C-4316-B767-043722897EF0}.Debug|Any CPU.ActiveCfg = Debug|Any CPU
		{B72C8C8D-648C-4316-B767-043722897EF0}.Debug|Any CPU.Build.0 = Debug|Any CPU
		{B72C8C8D-648C-4316-B767-043722897EF0}.Release|Any CPU.ActiveCfg = Release|Any CPU
		{B72C8C8D-648C-4316-B767-043722897EF0}.Release|Any CPU.Build.0 = Release|Any CPU
	EndGlobalSection
	GlobalSection(SolutionProperties) = preSolution
		HideSolutionNode = FALSE
	EndGlobalSection
	GlobalSection(ExtensibilityGlobals) = postSolution
		SolutionGuid = {B24AE1FF-9735-4B7A-837E-CDA5DB968F83}
	EndGlobalSection
EndGlobal
